
Microsoft Visual Studio Solution File, Format Version 12.00
# Visual Studio Version 17
VisualStudioVersion = 17.10.35013.160
MinimumVisualStudioVersion = 10.0.40219.1
Project("{FAE04EC0-301F-11D3-BF4B-00C04F79EFBC}") = "ParallelFileReading.Library", "ParallelFileReading.Library\ParallelFileReading.Library.csproj", "{AF9E5222-5C8C-44DB-81A1-6DFBEC7B22A9}"
EndProject
Project("{FAE04EC0-301F-11D3-BF4B-00C04F79EFBC}") = "ParallelFileReading.ConsoleApp", "ParallelFileReading.ConsoleApp\ParallelFileReading.ConsoleApp.csproj", "{58F7C4A0-E602-4DAE-83D2-88AA17D9F6C6}"
EndProject
Global
	GlobalSection(SolutionConfigurationPlatforms) = preSolution
		Debug|Any CPU = Debug|Any CPU
		Release|Any CPU = Release|Any CPU
	EndGlobalSection
	GlobalSection(ProjectConfigurationPlatforms) = postSolution
		{AF9E5222-5C8C-44DB-81A1-6DFBEC7B22A9}.Debug|Any CPU.ActiveCfg = Debug|Any CPU
		{AF9E5222-5C8C-44DB-81A1-6DFBEC7B22A9}.Debug|Any CPU.Build.0 = Debug|Any CPU
		{AF9E5222-5C8C-44DB-81A1-6DFBEC7B22A9}.Release|Any CPU.ActiveCfg = Release|Any CPU
		{AF9E5222-5C8C-44DB-81A1-6DFBEC7B22A9}.Release|Any CPU.Build.0 = Release|Any CPU
		{58F7C4A0-E602-4DAE-83D2-88AA17D9F6C6}.Debug|Any CPU.ActiveCfg = Debug|Any CPU
		{58F7C4A0-E602-4DAE-83D2-88AA17D9F6C6}.Debug|Any CPU.Build.0 = Debug|Any CPU
		{58F7C4A0-E602-4DAE-83D2-88AA17D9F6C6}.Release|Any CPU.ActiveCfg = Release|Any CPU
		{58F7C4A0-E602-4DAE-83D2-88AA17D9F6C6}.Release|Any CPU.Build.0 = Release|Any CPU
	EndGlobalSection
	GlobalSection(SolutionProperties) = preSolution
		HideSolutionNode = FALSE
	EndGlobalSection
	GlobalSection(ExtensibilityGlobals) = postSolution
		SolutionGuid = {B91C5183-94E2-4CBB-99DB-46CAA72E1D4F}
	EndGlobalSection
EndGlobal
